
Microsoft Visual Studio Solution File, Format Version 12.00
# Visual Studio Version 17
VisualStudioVersion = 17.11.35219.272
MinimumVisualStudioVersion = 10.0.40219.1
Project("{8BC9CEB8-8B4A-11D0-8D11-00A0C91BC942}") = "liblber", "liblber.vcxproj", "{EB28A824-77BC-4FC3-B510-E703191B8E21}"
EndProject
Project("{8BC9CEB8-8B4A-11D0-8D11-00A0C91BC942}") = "libldap", "libldap.vcxproj", "{8B81DD20-B26C-40A6-8328-A0F9ECC7D726}"
EndProject
Global
	GlobalSection(SolutionConfigurationPlatforms) = preSolution
		Debug|ARM = Debug|ARM
		Debug|ARM64 = Debug|ARM64
		Debug|x86 = Debug|x86
		Debug|x64 = Debug|x64
		DLL Debug|ARM = DLL Debug|ARM
		DLL Debug|ARM64 = DLL Debug|ARM64
		DLL Debug|x86 = DLL Debug|x86
		DLL Debug|x64 = DLL Debug|x64
		DLL Release|ARM = DLL Release|ARM
		DLL Release|ARM64 = DLL Release|ARM64
		DLL Release|x86 = DLL Release|x86
		DLL Release|x64 = DLL Release|x64
		Release|ARM = Release|ARM
		Release|ARM64 = Release|ARM64
		Release|x86 = Release|x86
		Release|x64 = Release|x64
		Single Debug|ARM = Single Debug|ARM
		Single Debug|ARM64 = Single Debug|ARM64
		Single Debug|x86 = Single Debug|x86
		Single Debug|x64 = Single Debug|x64
		Single Release|ARM = Single Release|ARM
		Single Release|ARM64 = Single Release|ARM64
		Single Release|x86 = Single Release|x86
		Single Release|x64 = Single Release|x64
	EndGlobalSection
	GlobalSection(ProjectConfigurationPlatforms) = postSolution
		{EB28A824-77BC-4FC3-B510-E703191B8E21}.Debug|ARM.ActiveCfg = Debug|ARM
		{EB28A824-77BC-4FC3-B510-E703191B8E21}.Debug|ARM.Build.0 = Debug|ARM
		{EB28A824-77BC-4FC3-B510-E703191B8E21}.Debug|ARM64.ActiveCfg = Debug|ARM64
		{EB28A824-77BC-4FC3-B510-E703191B8E21}.Debug|ARM64.Build.0 = Debug|ARM64
		{EB28A824-77BC-4FC3-B510-E703191B8E21}.Debug|x86.ActiveCfg = Debug|Win32
		{EB28A824-77BC-4FC3-B510-E703191B8E21}.Debug|x86.Build.0 = Debug|Win32
		{EB28A824-77BC-4FC3-B510-E703191B8E21}.Debug|x64.ActiveCfg = Debug|x64
		{EB28A824-77BC-4FC3-B510-E703191B8E21}.Debug|x64.Build.0 = Debug|x64
		{EB28A824-77BC-4FC3-B510-E703191B8E21}.DLL Debug|ARM.ActiveCfg = DLL Debug|ARM
		{EB28A824-77BC-4FC3-B510-E703191B8E21}.DLL Debug|ARM.Build.0 = DLL Debug|ARM
		{EB28A824-77BC-4FC3-B510-E703191B8E21}.DLL Debug|ARM64.ActiveCfg = DLL Debug|ARM64
		{EB28A824-77BC-4FC3-B510-E703191B8E21}.DLL Debug|ARM64.Build.0 = DLL Debug|ARM64
		{EB28A824-77BC-4FC3-B510-E703191B8E21}.DLL Debug|x86.ActiveCfg = DLL Debug|Win32
		{EB28A824-77BC-4FC3-B510-E703191B8E21}.DLL Debug|x86.Build.0 = DLL Debug|Win32
		{EB28A824-77BC-4FC3-B510-E703191B8E21}.DLL Debug|x64.ActiveCfg = DLL Debug|x64
		{EB28A824-77BC-4FC3-B510-E703191B8E21}.DLL Debug|x64.Build.0 = DLL Debug|x64
		{EB28A824-77BC-4FC3-B510-E703191B8E21}.DLL Release|ARM.ActiveCfg = DLL Release|ARM
		{EB28A824-77BC-4FC3-B510-E703191B8E21}.DLL Release|ARM.Build.0 = DLL Release|ARM
		{EB28A824-77BC-4FC3-B510-E703191B8E21}.DLL Release|ARM64.ActiveCfg = DLL Release|ARM64
		{EB28A824-77BC-4FC3-B510-E703191B8E21}.DLL Release|ARM64.Build.0 = DLL Release|ARM64
		{EB28A824-77BC-4FC3-B510-E703191B8E21}.DLL Release|x86.ActiveCfg = DLL Release|Win32
		{EB28A824-77BC-4FC3-B510-E703191B8E21}.DLL Release|x86.Build.0 = DLL Release|Win32
		{EB28A824-77BC-4FC3-B510-E703191B8E21}.DLL Release|x64.ActiveCfg = DLL Release|x64
		{EB28A824-77BC-4FC3-B510-E703191B8E21}.DLL Release|x64.Build.0 = DLL Release|x64
		{EB28A824-77BC-4FC3-B510-E703191B8E21}.Release|ARM.ActiveCfg = Release|ARM
		{EB28A824-77BC-4FC3-B510-E703191B8E21}.Release|ARM.Build.0 = Release|ARM
		{EB28A824-77BC-4FC3-B510-E703191B8E21}.Release|ARM64.ActiveCfg = Release|ARM64
		{EB28A824-77BC-4FC3-B510-E703191B8E21}.Release|ARM64.Build.0 = Release|ARM64
		{EB28A824-77BC-4FC3-B510-E703191B8E21}.Release|x86.ActiveCfg = Release|Win32
		{EB28A824-77BC-4FC3-B510-E703191B8E21}.Release|x86.Build.0 = Release|Win32
		{EB28A824-77BC-4FC3-B510-E703191B8E21}.Release|x64.ActiveCfg = Release|x64
		{EB28A824-77BC-4FC3-B510-E703191B8E21}.Release|x64.Build.0 = Release|x64
		{EB28A824-77BC-4FC3-B510-E703191B8E21}.Single Debug|ARM.ActiveCfg = Single Debug|ARM
		{EB28A824-77BC-4FC3-B510-E703191B8E21}.Single Debug|ARM.Build.0 = Single Debug|ARM
		{EB28A824-77BC-4FC3-B510-E703191B8E21}.Single Debug|ARM64.ActiveCfg = Single Debug|ARM64
		{EB28A824-77BC-4FC3-B510-E703191B8E21}.Single Debug|ARM64.Build.0 = Single Debug|ARM64
		{EB28A824-77BC-4FC3-B510-E703191B8E21}.Single Debug|x86.ActiveCfg = Single Debug|Win32
		{EB28A824-77BC-4FC3-B510-E703191B8E21}.Single Debug|x86.Build.0 = Single Debug|Win32
		{EB28A824-77BC-4FC3-B510-E703191B8E21}.Single Debug|x64.ActiveCfg = Single Debug|x64
		{EB28A824-77BC-4FC3-B510-E703191B8E21}.Single Debug|x64.Build.0 = Single Debug|x64
		{EB28A824-77BC-4FC3-B510-E703191B8E21}.Single Release|ARM.ActiveCfg = Single Release|ARM
		{EB28A824-77BC-4FC3-B510-E703191B8E21}.Single Release|ARM.Build.0 = Single Release|ARM
		{EB28A824-77BC-4FC3-B510-E703191B8E21}.Single Release|ARM64.ActiveCfg = Single Release|ARM64
		{EB28A824-77BC-4FC3-B510-E703191B8E21}.Single Release|ARM64.Build.0 = Single Release|ARM64
		{EB28A824-77BC-4FC3-B510-E703191B8E21}.Single Release|x86.ActiveCfg = Single Release|Win32
		{EB28A824-77BC-4FC3-B510-E703191B8E21}.Single Release|x86.Build.0 = Single Release|Win32
		{EB28A824-77BC-4FC3-B510-E703191B8E21}.Single Release|x64.ActiveCfg = Single Release|x64
		{EB28A824-77BC-4FC3-B510-E703191B8E21}.Single Release|x64.Build.0 = Single Release|x64
		{8B81DD20-B26C-40A6-8328-A0F9ECC7D726}.Debug|ARM.ActiveCfg = Debug|ARM
		{8B81DD20-B26C-40A6-8328-A0F9ECC7D726}.Debug|ARM.Build.0 = Debug|ARM
		{8B81DD20-B26C-40A6-8328-A0F9ECC7D726}.Debug|ARM64.ActiveCfg = Debug|ARM64
		{8B81DD20-B26C-40A6-8328-A0F9ECC7D726}.Debug|ARM64.Build.0 = Debug|ARM64
		{8B81DD20-B26C-40A6-8328-A0F9ECC7D726}.Debug|x86.ActiveCfg = Debug|Win32
		{8B81DD20-B26C-40A6-8328-A0F9ECC7D726}.Debug|x86.Build.0 = Debug|Win32
		{8B81DD20-B26C-40A6-8328-A0F9ECC7D726}.Debug|x64.ActiveCfg = Debug|x64
		{8B81DD20-B26C-40A6-8328-A0F9ECC7D726}.Debug|x64.Build.0 = Debug|x64
		{8B81DD20-B26C-40A6-8328-A0F9ECC7D726}.DLL Debug|ARM.ActiveCfg = DLL Debug|ARM
		{8B81DD20-B26C-40A6-8328-A0F9ECC7D726}.DLL Debug|ARM.Build.0 = DLL Debug|ARM
		{8B81DD20-B26C-40A6-8328-A0F9ECC7D726}.DLL Debug|ARM64.ActiveCfg = DLL Debug|ARM64
		{8B81DD20-B26C-40A6-8328-A0F9ECC7D726}.DLL Debug|ARM64.Build.0 = DLL Debug|ARM64
		{8B81DD20-B26C-40A6-8328-A0F9ECC7D726}.DLL Debug|x86.ActiveCfg = DLL Debug|Win32
		{8B81DD20-B26C-40A6-8328-A0F9ECC7D726}.DLL Debug|x86.Build.0 = DLL Debug|Win32
		{8B81DD20-B26C-40A6-8328-A0F9ECC7D726}.DLL Debug|x64.ActiveCfg = DLL Debug|x64
		{8B81DD20-B26C-40A6-8328-A0F9ECC7D726}.DLL Debug|x64.Build.0 = DLL Debug|x64
		{8B81DD20-B26C-40A6-8328-A0F9ECC7D726}.DLL Release|ARM.ActiveCfg = DLL Release|ARM
		{8B81DD20-B26C-40A6-8328-A0F9ECC7D726}.DLL Release|ARM.Build.0 = DLL Release|ARM
		{8B81DD20-B26C-40A6-8328-A0F9ECC7D726}.DLL Release|ARM64.ActiveCfg = DLL Release|ARM64
		{8B81DD20-B26C-40A6-8328-A0F9ECC7D726}.DLL Release|ARM64.Build.0 = DLL Release|ARM64
		{8B81DD20-B26C-40A6-8328-A0F9ECC7D726}.DLL Release|x86.ActiveCfg = DLL Release|Win32
		{8B81DD20-B26C-40A6-8328-A0F9ECC7D726}.DLL Release|x86.Build.0 = DLL Release|Win32
		{8B81DD20-B26C-40A6-8328-A0F9ECC7D726}.DLL Release|x64.ActiveCfg = DLL Release|x64
		{8B81DD20-B26C-40A6-8328-A0F9ECC7D726}.DLL Release|x64.Build.0 = DLL Release|x64
		{8B81DD20-B26C-40A6-8328-A0F9ECC7D726}.Release|ARM.ActiveCfg = Release|ARM
		{8B81DD20-B26C-40A6-8328-A0F9ECC7D726}.Release|ARM.Build.0 = Release|ARM
		{8B81DD20-B26C-40A6-8328-A0F9ECC7D726}.Release|ARM64.ActiveCfg = Release|ARM64
		{8B81DD20-B26C-40A6-8328-A0F9ECC7D726}.Release|ARM64.Build.0 = Release|ARM64
		{8B81DD20-B26C-40A6-8328-A0F9ECC7D726}.Release|x86.ActiveCfg = Release|Win32
		{8B81DD20-B26C-40A6-8328-A0F9ECC7D726}.Release|x86.Build.0 = Release|Win32
		{8B81DD20-B26C-40A6-8328-A0F9ECC7D726}.Release|x64.ActiveCfg = Release|x64
		{8B81DD20-B26C-40A6-8328-A0F9ECC7D726}.Release|x64.Build.0 = Release|x64
		{8B81DD20-B26C-40A6-8328-A0F9ECC7D726}.Single Debug|ARM.ActiveCfg = Single Debug|ARM
		{8B81DD20-B26C-40A6-8328-A0F9ECC7D726}.Single Debug|ARM.Build.0 = Single Debug|ARM
		{8B81DD20-B26C-40A6-8328-A0F9ECC7D726}.Single Debug|ARM64.ActiveCfg = Single Debug|ARM64
		{8B81DD20-B26C-40A6-8328-A0F9ECC7D726}.Single Debug|ARM64.Build.0 = Single Debug|ARM64
		{8B81DD20-B26C-40A6-8328-A0F9ECC7D726}.Single Debug|x86.ActiveCfg = Single Debug|Win32
		{8B81DD20-B26C-40A6-8328-A0F9ECC7D726}.Single Debug|x86.Build.0 = Single Debug|Win32
		{8B81DD20-B26C-40A6-8328-A0F9ECC7D726}.Single Debug|x64.ActiveCfg = Single Debug|x64
		{8B81DD20-B26C-40A6-8328-A0F9ECC7D726}.Single Debug|x64.Build.0 = Single Debug|x64
		{8B81DD20-B26C-40A6-8328-A0F9ECC7D726}.Single Release|ARM.ActiveCfg = Single Release|ARM
		{8B81DD20-B26C-40A6-8328-A0F9ECC7D726}.Single Release|ARM.Build.0 = Single Release|ARM
		{8B81DD20-B26C-40A6-8328-A0F9ECC7D726}.Single Release|ARM64.ActiveCfg = Single Release|ARM64
		{8B81DD20-B26C-40A6-8328-A0F9ECC7D726}.Single Release|ARM64.Build.0 = Single Release|ARM64
		{8B81DD20-B26C-40A6-8328-A0F9ECC7D726}.Single Release|x86.ActiveCfg = Single Release|Win32
		{8B81DD20-B26C-40A6-8328-A0F9ECC7D726}.Single Release|x86.Build.0 = Single Release|Win32
		{8B81DD20-B26C-40A6-8328-A0F9ECC7D726}.Single Release|x64.ActiveCfg = Single Release|x64
		{8B81DD20-B26C-40A6-8328-A0F9ECC7D726}.Single Release|x64.Build.0 = Single Release|x64
	EndGlobalSection
	GlobalSection(SolutionProperties) = preSolution
		HideSolutionNode = FALSE
	EndGlobalSection
EndGlobal
